<?xml version="1.0" encoding="utf-8"?>
<Project ToolsVersion="4.0" xmlns="http://schemas.microsoft.com/developer/msbuild/2003">
  <ItemGroup>
    <Filter Include="Source Files">
      <UniqueIdentifier>{4FC737F1-C7A5-4376-A066-2A32D752A2FF}</UniqueIdentifier>
      <Extensions>cpp;c;cc;cxx;c++;cppm;ixx;def;odl;idl;hpj;bat;asm;asmx</Extensions>
    </Filter>
    <Filter Include="Header Files">
      <UniqueIdentifier>{93995380-89BD-4b04-88EB-625FBE52EBFB}</UniqueIdentifier>
      <Extensions>h;hh;hpp;hxx;h++;hm;inl;inc;ipp;xsd</Extensions>
    </Filter>
    <Filter Include="Resource Files">
      <UniqueIdentifier>{67DA6AB6-F800-4c08-8B7A-83BB121AAD01}</UniqueIdentifier>
      <Extensions>rc;ico;cur;bmp;dlg;rc2;rct;bin;rgs;gif;jpg;jpeg;jpe;resx;tiff;tif;png;wav;mfcribbon-ms</Extensions>
    </Filter>
  </ItemGroup>
  <ItemGroup>
    <ClCompile Include="src\utility\glad.c">
      <Filter>Source Files</Filter>
    </ClCompile>
    <ClCompile Include="src\stb_image\stb_image.cpp">
      <Filter>Source Files</Filter>
    </ClCompile>
    <ClCompile Include="src\utility\App.cpp">
      <Filter>Source Files</Filter>
    </ClCompile>
    <ClCompile Include="src\utility\Camera.cpp">
      <Filter>Source Files</Filter>
    </ClCompile>
    <ClCompile Include="src\imgui\imgui.cpp">
      <Filter>Source Files</Filter>
    </ClCompile>
    <ClCompile Include="src\imgui\imgui_demo.cpp">
      <Filter>Source Files</Filter>
    </ClCompile>
    <ClCompile Include="src\imgui\imgui_draw.cpp">
      <Filter>Source Files</Filter>
    </ClCompile>
    <ClCompile Include="src\imgui\imgui_impl_glfw.cpp">
      <Filter>Source Files</Filter>
    </ClCompile>
    <ClCompile Include="src\imgui\imgui_impl_opengl3.cpp">
      <Filter>Source Files</Filter>
    </ClCompile>
    <ClCompile Include="src\imgui\imgui_stdlib.cpp">
      <Filter>Source Files</Filter>
    </ClCompile>
    <ClCompile Include="src\imgui\imgui_tables.cpp">
      <Filter>Source Files</Filter>
    </ClCompile>
    <ClCompile Include="src\imgui\imgui_widgets.cpp">
      <Filter>Source Files</Filter>
    </ClCompile>
    <ClCompile Include="src\utility\Model.cpp">
      <Filter>Source Files</Filter>
    </ClCompile>
    <ClCompile Include="src\utility\Texture.cpp">
      <Filter>Source Files</Filter>
    </ClCompile>
    <ClCompile Include="src\utility\Mesh.cpp">
      <Filter>Source Files</Filter>
    </ClCompile>
    <ClCompile Include="src\utility\Shader.cpp">
      <Filter>Source Files</Filter>
    </ClCompile>
    <ClCompile Include="src\utility\Render.cpp">
      <Filter>Source Files</Filter>
    </ClCompile>
    <ClCompile Include="src\Application.cpp">
      <Filter>Source Files</Filter>
    </ClCompile>
  </ItemGroup>
  <ItemGroup>
    <ClInclude Include="src\utility\Camera.hpp">
      <Filter>Header Files</Filter>
    </ClInclude>
    <ClInclude Include="src\utility\Light.hpp">
      <Filter>Header Files</Filter>
    </ClInclude>
    <ClInclude Include="src\utility\Mesh.hpp">
      <Filter>Header Files</Filter>
    </ClInclude>
    <ClInclude Include="src\utility\Model.hpp">
      <Filter>Header Files</Filter>
    </ClInclude>
    <ClInclude Include="src\utility\Shader.hpp">
      <Filter>Header Files</Filter>
    </ClInclude>
    <ClInclude Include="src\utility\App.hpp">
      <Filter>Header Files</Filter>
    </ClInclude>
    <ClInclude Include="src\utility\Texture.hpp">
      <Filter>Header Files</Filter>
    </ClInclude>
    <ClInclude Include="src\utility\Render.hpp">
      <Filter>Header Files</Filter>
    </ClInclude>
  </ItemGroup>
  <ItemGroup>
    <None Include="resources\shaders\base\base.frag" />
    <None Include="resources\shaders\base\base.vert" />
    <None Include="resources\shaders\base\container.frag" />
    <None Include="resources\shaders\base\container.vert" />
    <None Include="resources\shaders\base\quad.frag" />
    <None Include="resources\shaders\base\quad.vert" />
    <None Include="resources\shaders\blend\blend.frag" />
    <None Include="resources\shaders\bloom\bloom.frag" />
    <None Include="resources\shaders\bloom\blur.frag" />
    <None Include="resources\shaders\bloom\lighting_with_bloom.frag" />
    <None Include="resources\shaders\bloom\lighting_with_bloom.vert" />
    <None Include="resources\shaders\directional_shadows\depth_shadows.frag" />
    <None Include="resources\shaders\directional_shadows\depth_shadows.vert" />
    <None Include="resources\shaders\directional_shadows\simple_depth.frag" />
    <None Include="resources\shaders\directional_shadows\simple_depth.vert" />
    <None Include="resources\shaders\hdr\hdr.frag" />
    <None Include="resources\shaders\instancing\rock_instanced.vert" />
    <None Include="resources\shaders\normal_mapping\normal_mapping.frag" />
    <None Include="resources\shaders\normal_mapping\normal_mapping.vert" />
    <None Include="resources\shaders\parallax_mapping\parallax_mapping.frag" />
    <None Include="resources\shaders\parallax_mapping\parallax_mapping.vert" />
    <None Include="resources\shaders\phong\blinn_phong.frag" />
    <None Include="resources\shaders\phong\blinn_phong.vert" />
    <None Include="resources\shaders\phong\phong.frag" />
    <None Include="resources\shaders\phong\phong.vert" />
    <None Include="resources\shaders\point_shadows\point_shadows.frag" />
    <None Include="resources\shaders\point_shadows\point_shadows.vert" />
    <None Include="resources\shaders\point_shadows\point_shadows_depth.frag" />
    <None Include="resources\shaders\point_shadows\point_shadows_depth.geom" />
    <None Include="resources\shaders\point_shadows\point_shadows_depth.vert" />
    <None Include="resources\shaders\skybox\skybox.frag" />
    <None Include="resources\shaders\skybox\skybox.vert" />
    <None Include="resources\shaders\deferred\geometry_pass.frag" />
    <None Include="resources\shaders\deferred\geometry_pass.vert" />
    <None Include="resources\shaders\deferred\lighting_pass.frag" />
    <None Include="resources\shaders\instancing\light_cube_instanced.vert" />
    <None Include="resources\shaders\instancing\light_cube_instanced.frag" />
  </ItemGroup>
</Project>